# THIS IS AN AUTOGENERATED FILE. DO NOT EDIT THIS FILE DIRECTLY.
# yarn lockfile v1


"@radix-ui/react-icons@^1.3.2":
  version "1.3.2"
  resolved "https://registry.yarnpkg.com/@radix-ui/react-icons/-/react-icons-1.3.2.tgz#09be63d178262181aeca5fb7f7bc944b10a7f441"
  integrity sha512-fyQIhGDhzfc9pK2kH6Pl9c4BDJGfMkPqkyIgYDthyNYoNg3wVhoJMMh19WS4Up/1KMPFVpNsT2q3WmXn2N1m6g==
